
Microsoft Visual Studio Solution File, Format Version 12.00
# Visual Studio Version 17
VisualStudioVersion = 17.12.35707.178
MinimumVisualStudioVersion = 10.0.40219.1
Project("{FAE04EC0-301F-11D3-BF4B-00C04F79EFBC}") = "Course1_Foundations", "ConsoleApp1\Course1_Foundations.csproj", "{034313F2-9DE9-446C-BEAB-854CD9386655}"
EndProject
Project("{FAE04EC0-301F-11D3-BF4B-00C04F79EFBC}") = "Course2_IntrotoCSharp", "Course2_IntrotoCSharp\Course2_IntrotoCSharp.csproj", "{36173E6F-6D19-4B38-991A-10EE70DE9B02}"
EndProject
Project("{2150E333-8FDC-42A3-9474-1A3956D46DE8}") = "Solution Items", "Solution Items", "{8EC462FD-D22E-90A8-E5CE-7E832BA40C5D}"
	ProjectSection(SolutionItems) = preProject
		.gitignore = .gitignore
	EndProjectSection
EndProject
Project("{FAE04EC0-301F-11D3-BF4B-00C04F79EFBC}") = "Course3_IntrotoWebDev", "Course3_IntrotoWebDev\Course3_IntrotoWebDev.csproj", "{AFECC1A8-8A8A-4415-A6D8-FEEDF607E534}"
EndProject
Project("{FAE04EC0-301F-11D3-BF4B-00C04F79EFBC}") = "Course4_BlazorforFEDev", "Course4_BlazorforFEDev\Course4_BlazorforFEDev.csproj", "{01BF1BCB-0875-42FA-A366-2D4B0A53AEA4}"
EndProject
Global
	GlobalSection(SolutionConfigurationPlatforms) = preSolution
		Debug|Any CPU = Debug|Any CPU
		Release|Any CPU = Release|Any CPU
	EndGlobalSection
	GlobalSection(ProjectConfigurationPlatforms) = postSolution
		{034313F2-9DE9-446C-BEAB-854CD9386655}.Debug|Any CPU.ActiveCfg = Debug|Any CPU
		{034313F2-9DE9-446C-BEAB-854CD9386655}.Debug|Any CPU.Build.0 = Debug|Any CPU
		{034313F2-9DE9-446C-BEAB-854CD9386655}.Release|Any CPU.ActiveCfg = Release|Any CPU
		{034313F2-9DE9-446C-BEAB-854CD9386655}.Release|Any CPU.Build.0 = Release|Any CPU
		{36173E6F-6D19-4B38-991A-10EE70DE9B02}.Debug|Any CPU.ActiveCfg = Debug|Any CPU
		{36173E6F-6D19-4B38-991A-10EE70DE9B02}.Debug|Any CPU.Build.0 = Debug|Any CPU
		{36173E6F-6D19-4B38-991A-10EE70DE9B02}.Release|Any CPU.ActiveCfg = Release|Any CPU
		{36173E6F-6D19-4B38-991A-10EE70DE9B02}.Release|Any CPU.Build.0 = Release|Any CPU
		{AFECC1A8-8A8A-4415-A6D8-FEEDF607E534}.Debug|Any CPU.ActiveCfg = Debug|Any CPU
		{AFECC1A8-8A8A-4415-A6D8-FEEDF607E534}.Debug|Any CPU.Build.0 = Debug|Any CPU
		{AFECC1A8-8A8A-4415-A6D8-FEEDF607E534}.Release|Any CPU.ActiveCfg = Release|Any CPU
		{AFECC1A8-8A8A-4415-A6D8-FEEDF607E534}.Release|Any CPU.Build.0 = Release|Any CPU
		{01BF1BCB-0875-42FA-A366-2D4B0A53AEA4}.Debug|Any CPU.ActiveCfg = Debug|Any CPU
		{01BF1BCB-0875-42FA-A366-2D4B0A53AEA4}.Debug|Any CPU.Build.0 = Debug|Any CPU
		{01BF1BCB-0875-42FA-A366-2D4B0A53AEA4}.Release|Any CPU.ActiveCfg = Release|Any CPU
		{01BF1BCB-0875-42FA-A366-2D4B0A53AEA4}.Release|Any CPU.Build.0 = Release|Any CPU
	EndGlobalSection
	GlobalSection(SolutionProperties) = preSolution
		HideSolutionNode = FALSE
	EndGlobalSection
	GlobalSection(ExtensibilityGlobals) = postSolution
		SolutionGuid = {15121AF0-4EC5-473F-9F0C-D1F284701541}
	EndGlobalSection
EndGlobal
